Microsoft Visual Studio Solution File, Format Version 12.00
# Visual Studio Version 17
VisualStudioVersion = 17.5.2.0
MinimumVisualStudioVersion = 10.0.40219.1
Project("{FAE04EC0-301F-11D3-BF4B-00C04F79EFBC}") = "Restaurant.Cli", "Restaurant.Cli.csproj", "{1B8466FC-80EA-B84B-5A9E-D11401ECF872}"
EndProject
Global
	GlobalSection(SolutionConfigurationPlatforms) = preSolution
		Debug|Any CPU = Debug|Any CPU
		Release|Any CPU = Release|Any CPU
	EndGlobalSection
	GlobalSection(ProjectConfigurationPlatforms) = postSolution
		{1B8466FC-80EA-B84B-5A9E-D11401ECF872}.Debug|Any CPU.ActiveCfg = Debug|Any CPU
		{1B8466FC-80EA-B84B-5A9E-D11401ECF872}.Debug|Any CPU.Build.0 = Debug|Any CPU
		{1B8466FC-80EA-B84B-5A9E-D11401ECF872}.Release|Any CPU.ActiveCfg = Release|Any CPU
		{1B8466FC-80EA-B84B-5A9E-D11401ECF872}.Release|Any CPU.Build.0 = Release|Any CPU
	EndGlobalSection
	GlobalSection(SolutionProperties) = preSolution
		HideSolutionNode = FALSE
	EndGlobalSection
	GlobalSection(ExtensibilityGlobals) = postSolution
		SolutionGuid = {4820A162-7CCD-4D7E-A176-95E342CB771C}
	EndGlobalSection
EndGlobal
